
Microsoft Visual Studio Solution File, Format Version 12.00
# Visual Studio 14
VisualStudioVersion = 14.0.25420.1
MinimumVisualStudioVersion = 10.0.40219.1
Project("{FAE04EC0-301F-11D3-BF4B-00C04F79EFBC}") = "Model", "Model\Model.csproj", "{0C42E84A-AC10-4CBB-A27F-EFEA3683088F}"
EndProject
Project("{FAE04EC0-301F-11D3-BF4B-00C04F79EFBC}") = "IDAL", "IDAL\IDAL.csproj", "{F013E3B4-CE20-4E47-9384-A6AE40996B40}"
EndProject
Project("{FAE04EC0-301F-11D3-BF4B-00C04F79EFBC}") = "DALFactory", "DALFactory\DALFactory.csproj", "{1BF1FC66-7911-4410-9923-5CEBC521BAD2}"
EndProject
Project("{FAE04EC0-301F-11D3-BF4B-00C04F79EFBC}") = "SQLServerDAL", "SQLServerDAL\SQLServerDAL.csproj", "{730616C7-4FC7-4A56-909A-47B269368EFB}"
EndProject
Project("{FAE04EC0-301F-11D3-BF4B-00C04F79EFBC}") = "Common", "Common\Common.csproj", "{30D552D0-2399-42A7-8FEA-AFD213B9E840}"
EndProject
Project("{FAE04EC0-301F-11D3-BF4B-00C04F79EFBC}") = "SfEmc", "SfEmc\SfEmc.csproj", "{37B7F2A9-8501-4BA0-9CAB-E6E167015EFD}"
EndProject
Project("{FAE04EC0-301F-11D3-BF4B-00C04F79EFBC}") = "BLL", "BLL\BLL.csproj", "{5044DD41-FFA3-414B-9179-AF0F0150BD74}"
EndProject
Project("{FAE04EC0-301F-11D3-BF4B-00C04F79EFBC}") = "DBUtility", "DBUtility\DBUtility.csproj", "{5EACB3A3-EEC9-45EA-BC4D-C01A10327F8E}"
EndProject
Project("{FAE04EC0-301F-11D3-BF4B-00C04F79EFBC}") = "ShenerWeiXin", "ShenerWeiXin\ShenerWeiXin.csproj", "{5BAAF46E-2B2D-4380-9B34-A85147FA043B}"
EndProject
Project("{FAE04EC0-301F-11D3-BF4B-00C04F79EFBC}") = "Web", "Web\Web.csproj", "{4FFEE1B4-B613-4DB0-93C6-60E6EAB3E51E}"
EndProject
Global
	GlobalSection(SolutionConfigurationPlatforms) = preSolution
		Debug|Any CPU = Debug|Any CPU
		Release|Any CPU = Release|Any CPU
	EndGlobalSection
	GlobalSection(ProjectConfigurationPlatforms) = postSolution
		{0C42E84A-AC10-4CBB-A27F-EFEA3683088F}.Debug|Any CPU.ActiveCfg = Debug|Any CPU
		{0C42E84A-AC10-4CBB-A27F-EFEA3683088F}.Debug|Any CPU.Build.0 = Debug|Any CPU
		{0C42E84A-AC10-4CBB-A27F-EFEA3683088F}.Release|Any CPU.ActiveCfg = Release|Any CPU
		{0C42E84A-AC10-4CBB-A27F-EFEA3683088F}.Release|Any CPU.Build.0 = Release|Any CPU
		{F013E3B4-CE20-4E47-9384-A6AE40996B40}.Debug|Any CPU.ActiveCfg = Debug|Any CPU
		{F013E3B4-CE20-4E47-9384-A6AE40996B40}.Debug|Any CPU.Build.0 = Debug|Any CPU
		{F013E3B4-CE20-4E47-9384-A6AE40996B40}.Release|Any CPU.ActiveCfg = Release|Any CPU
		{F013E3B4-CE20-4E47-9384-A6AE40996B40}.Release|Any CPU.Build.0 = Release|Any CPU
		{1BF1FC66-7911-4410-9923-5CEBC521BAD2}.Debug|Any CPU.ActiveCfg = Debug|Any CPU
		{1BF1FC66-7911-4410-9923-5CEBC521BAD2}.Debug|Any CPU.Build.0 = Debug|Any CPU
		{1BF1FC66-7911-4410-9923-5CEBC521BAD2}.Release|Any CPU.ActiveCfg = Release|Any CPU
		{1BF1FC66-7911-4410-9923-5CEBC521BAD2}.Release|Any CPU.Build.0 = Release|Any CPU
		{730616C7-4FC7-4A56-909A-47B269368EFB}.Debug|Any CPU.ActiveCfg = Debug|Any CPU
		{730616C7-4FC7-4A56-909A-47B269368EFB}.Debug|Any CPU.Build.0 = Debug|Any CPU
		{730616C7-4FC7-4A56-909A-47B269368EFB}.Release|Any CPU.ActiveCfg = Release|Any CPU
		{730616C7-4FC7-4A56-909A-47B269368EFB}.Release|Any CPU.Build.0 = Release|Any CPU
		{30D552D0-2399-42A7-8FEA-AFD213B9E840}.Debug|Any CPU.ActiveCfg = Debug|Any CPU
		{30D552D0-2399-42A7-8FEA-AFD213B9E840}.Debug|Any CPU.Build.0 = Debug|Any CPU
		{30D552D0-2399-42A7-8FEA-AFD213B9E840}.Release|Any CPU.ActiveCfg = Release|Any CPU
		{30D552D0-2399-42A7-8FEA-AFD213B9E840}.Release|Any CPU.Build.0 = Release|Any CPU
		{37B7F2A9-8501-4BA0-9CAB-E6E167015EFD}.Debug|Any CPU.ActiveCfg = Debug|Any CPU
		{37B7F2A9-8501-4BA0-9CAB-E6E167015EFD}.Debug|Any CPU.Build.0 = Debug|Any CPU
		{37B7F2A9-8501-4BA0-9CAB-E6E167015EFD}.Release|Any CPU.ActiveCfg = Release|Any CPU
		{37B7F2A9-8501-4BA0-9CAB-E6E167015EFD}.Release|Any CPU.Build.0 = Release|Any CPU
		{5044DD41-FFA3-414B-9179-AF0F0150BD74}.Debug|Any CPU.ActiveCfg = Debug|Any CPU
		{5044DD41-FFA3-414B-9179-AF0F0150BD74}.Debug|Any CPU.Build.0 = Debug|Any CPU
		{5044DD41-FFA3-414B-9179-AF0F0150BD74}.Release|Any CPU.ActiveCfg = Release|Any CPU
		{5044DD41-FFA3-414B-9179-AF0F0150BD74}.Release|Any CPU.Build.0 = Release|Any CPU
		{5EACB3A3-EEC9-45EA-BC4D-C01A10327F8E}.Debug|Any CPU.ActiveCfg = Debug|Any CPU
		{5EACB3A3-EEC9-45EA-BC4D-C01A10327F8E}.Debug|Any CPU.Build.0 = Debug|Any CPU
		{5EACB3A3-EEC9-45EA-BC4D-C01A10327F8E}.Release|Any CPU.ActiveCfg = Release|Any CPU
		{5EACB3A3-EEC9-45EA-BC4D-C01A10327F8E}.Release|Any CPU.Build.0 = Release|Any CPU
		{5BAAF46E-2B2D-4380-9B34-A85147FA043B}.Debug|Any CPU.ActiveCfg = Debug|Any CPU
		{5BAAF46E-2B2D-4380-9B34-A85147FA043B}.Debug|Any CPU.Build.0 = Debug|Any CPU
		{5BAAF46E-2B2D-4380-9B34-A85147FA043B}.Release|Any CPU.ActiveCfg = Release|Any CPU
		{5BAAF46E-2B2D-4380-9B34-A85147FA043B}.Release|Any CPU.Build.0 = Release|Any CPU
		{4FFEE1B4-B613-4DB0-93C6-60E6EAB3E51E}.Debug|Any CPU.ActiveCfg = Debug|Any CPU
		{4FFEE1B4-B613-4DB0-93C6-60E6EAB3E51E}.Debug|Any CPU.Build.0 = Debug|Any CPU
		{4FFEE1B4-B613-4DB0-93C6-60E6EAB3E51E}.Release|Any CPU.ActiveCfg = Release|Any CPU
		{4FFEE1B4-B613-4DB0-93C6-60E6EAB3E51E}.Release|Any CPU.Build.0 = Release|Any CPU
	EndGlobalSection
	GlobalSection(SolutionProperties) = preSolution
		HideSolutionNode = FALSE
	EndGlobalSection
EndGlobal
