{
  "name": "saltUIDemo",
  "version": "1.0.0",
  "lockfileVersion": 1,
  "requires": true,
  "dependencies": {
    "@babel/helper-module-imports": {
      "version": "7.0.0-beta.35",
      "resolved": "http://registry.npm.taobao.org/@babel/helper-module-imports/download/@babel/helper-module-imports-7.0.0-beta.35.tgz",
      "integrity": "sha1-MI41DnMXUs200PBY3x1wSSXGTgo=",
      "dev": true,
      "requires": {
        "@babel/types": "7.0.0-beta.35",
        "lodash": "4.17.4"
      }
    },
    "@babel/types": {
      "version": "7.0.0-beta.35",
      "resolved": "http://registry.npm.taobao.org/@babel/types/download/@babel/types-7.0.0-beta.35.tgz",
      "integrity": "sha1-z5M6mpo4SEynJLM1uI2Dcm1auWA=",
      "dev": true,
      "requires": {
        "esutils": "2.0.2",
        "lodash": "4.17.4",
        "to-fast-properties": "2.0.0"
      }
    },
    "add-dom-event-listener": {
      "version": "1.0.2",
      "resolved": "http://registry.npm.taobao.org/add-dom-event-listener/download/add-dom-event-listener-1.0.2.tgz",
      "integrity": "sha1-j67SxBAIchzxEdodMNmVuFvkK+0=",
      "requires": {
        "object-assign": "4.1.1"
      }
    },
    "asap": {
      "version": "2.0.6",
      "resolved": "http://registry.npm.taobao.org/asap/download/asap-2.0.6.tgz",
      "integrity": "sha1-5QNHYR1+aQlDIIu9r+vLwvuGbUY="
    },
    "babel-plugin-import": {
      "version": "1.6.3",
      "resolved": "http://registry.npm.taobao.org/babel-plugin-import/download/babel-plugin-import-1.6.3.tgz",
      "integrity": "sha1-9N7qxR/5+ZfJzzjo19e5FCUE6vU=",
      "dev": true,
      "requires": {
        "@babel/helper-module-imports": "7.0.0-beta.35"
      }
    },
    "babel-runtime": {
      "version": "6.26.0",
      "resolved": "http://registry.npm.taobao.org/babel-runtime/download/babel-runtime-6.26.0.tgz",
      "integrity": "sha1-llxwWGaOgrVde/4E/yM3vItWR/4=",
      "requires": {
        "core-js": "2.5.3",
        "regenerator-runtime": "0.11.1"
      }
    },
    "classnames": {
      "version": "2.1.5",
      "resolved": "http://registry.npm.taobao.org/classnames/download/classnames-2.1.5.tgz",
      "integrity": "sha1-nJqc6j4v8//ZtXVELjvYbYjd3z4="
    },
    "component-classes": {
      "version": "1.2.6",
      "resolved": "http://registry.npm.taobao.org/component-classes/download/component-classes-1.2.6.tgz",
      "integrity": "sha1-xkI5TDYYpNiwuJGe/Mu9kw5c1pE=",
      "requires": {
        "component-indexof": "0.0.3"
      }
    },
    "component-indexof": {
      "version": "0.0.3",
      "resolved": "http://registry.npm.taobao.org/component-indexof/download/component-indexof-0.0.3.tgz",
      "integrity": "sha1-EdCRMSI5648yyPJa6csAL/6NPCQ="
    },
    "core-js": {
      "version": "2.5.3",
      "resolved": "http://registry.npm.taobao.org/core-js/download/core-js-2.5.3.tgz",
      "integrity": "sha1-isw4NFgk8W2DZbfJtCWRaOjtYD4="
    },
    "create-react-class": {
      "version": "15.6.2",
      "resolved": "http://registry.npm.taobao.org/create-react-class/download/create-react-class-15.6.2.tgz",
      "integrity": "sha1-zx7RXxKq1/FO9fLf4F5sQvke8Co=",
      "requires": {
        "fbjs": "0.8.16",
        "loose-envify": "1.3.1",
        "object-assign": "4.1.1"
      }
    },
    "css-animation": {
      "version": "1.4.1",
      "resolved": "http://registry.npm.taobao.org/css-animation/download/css-animation-1.4.1.tgz",
      "integrity": "sha1-W4gTEl3g+7uwu+G0cq6EIhRpt6g=",
      "requires": {
        "babel-runtime": "6.26.0",
        "component-classes": "1.2.6"
      }
    },
    "dom-align": {
      "version": "1.6.6",
      "resolved": "http://registry.npm.taobao.org/dom-align/download/dom-align-1.6.6.tgz",
      "integrity": "sha1-zO7w4woH5wNqptANEpei/ZHDoJE="
    },
    "encoding": {
      "version": "0.1.12",
      "resolved": "http://registry.npm.taobao.org/encoding/download/encoding-0.1.12.tgz",
      "integrity": "sha1-U4tm8+5izRq1HsMjgp0flIDHS+s=",
      "requires": {
        "iconv-lite": "0.4.19"
      }
    },
    "esutils": {
      "version": "2.0.2",
      "resolved": "http://registry.npm.taobao.org/esutils/download/esutils-2.0.2.tgz",
      "integrity": "sha1-Cr9PHKpbyx96nYrMbepPqqBLrJs=",
      "dev": true
    },
    "fbjs": {
      "version": "0.8.16",
      "resolved": "http://registry.npm.taobao.org/fbjs/download/fbjs-0.8.16.tgz",
      "integrity": "sha1-XmdDL1UNxBtXK/VYR7ispk5TN9s=",
      "requires": {
        "core-js": "1.2.7",
        "isomorphic-fetch": "2.2.1",
        "loose-envify": "1.3.1",
        "object-assign": "4.1.1",
        "promise": "7.3.1",
        "setimmediate": "1.0.5",
        "ua-parser-js": "0.7.17"
      },
      "dependencies": {
        "core-js": {
          "version": "1.2.7",
          "resolved": "http://registry.npm.taobao.org/core-js/download/core-js-1.2.7.tgz",
          "integrity": "sha1-ZSKUwUZR2yj6k70tX/KYOk8IxjY="
        }
      }
    },
    "hammerjs": {
      "version": "2.0.8",
      "resolved": "http://registry.npm.taobao.org/hammerjs/download/hammerjs-2.0.8.tgz",
      "integrity": "sha1-BO93hiz/K7edMPdpIJWTAiK/YPE="
    },
    "iconv-lite": {
      "version": "0.4.19",
      "resolved": "http://registry.npm.taobao.org/iconv-lite/download/iconv-lite-0.4.19.tgz",
      "integrity": "sha1-90aPYBNfXl2tM5nAqBvpoWA6CCs="
    },
    "immediate": {
      "version": "3.0.6",
      "resolved": "http://registry.npm.taobao.org/immediate/download/immediate-3.0.6.tgz",
      "integrity": "sha1-nbHb0Pr43m++D13V5Wu2BigN5ps="
    },
    "is-stream": {
      "version": "1.1.0",
      "resolved": "http://registry.npm.taobao.org/is-stream/download/is-stream-1.1.0.tgz",
      "integrity": "sha1-EtSj3U5o4Lec6428hBc66A2RykQ="
    },
    "isomorphic-fetch": {
      "version": "2.2.1",
      "resolved": "http://registry.npm.taobao.org/isomorphic-fetch/download/isomorphic-fetch-2.2.1.tgz",
      "integrity": "sha1-YRrhrPFPXoH3KVB0coGf6XM1WKk=",
      "requires": {
        "node-fetch": "1.7.3",
        "whatwg-fetch": "2.0.3"
      }
    },
    "js-tokens": {
      "version": "3.0.2",
      "resolved": "http://registry.npm.taobao.org/js-tokens/download/js-tokens-3.0.2.tgz",
      "integrity": "sha1-mGbfOVECEw449/mWvOtlRDIJwls="
    },
    "lie": {
      "version": "3.1.1",
      "resolved": "http://registry.npm.taobao.org/lie/download/lie-3.1.1.tgz",
      "integrity": "sha1-mkNrLMd0bKWd56QfpGmz77dr2H4=",
      "requires": {
        "immediate": "3.0.6"
      }
    },
    "lodash": {
      "version": "4.17.4",
      "resolved": "http://registry.npm.taobao.org/lodash/download/lodash-4.17.4.tgz",
      "integrity": "sha1-eCA6TRwyiuHYbcpkYONptX9AVa4="
    },
    "lodash._getnative": {
      "version": "3.9.1",
      "resolved": "http://registry.npm.taobao.org/lodash._getnative/download/lodash._getnative-3.9.1.tgz",
      "integrity": "sha1-VwvH3t5G1hzc3mh9ZdPuy6o6r/U="
    },
    "lodash.clonedeep": {
      "version": "4.5.0",
      "resolved": "http://registry.npm.taobao.org/lodash.clonedeep/download/lodash.clonedeep-4.5.0.tgz",
      "integrity": "sha1-4j8/nE+Pvd6HJSnBBxhXoIblzO8="
    },
    "lodash.isarguments": {
      "version": "3.1.0",
      "resolved": "http://registry.npm.taobao.org/lodash.isarguments/download/lodash.isarguments-3.1.0.tgz",
      "integrity": "sha1-L1c9hcaiQon/AGY7SRwdM4/zRYo="
    },
    "lodash.isarray": {
      "version": "3.0.4",
      "resolved": "http://registry.npm.taobao.org/lodash.isarray/download/lodash.isarray-3.0.4.tgz",
      "integrity": "sha1-eeTriMNqgSKvhvhEqpvNhRtfu1U="
    },
    "lodash.isequal": {
      "version": "4.5.0",
      "resolved": "http://registry.npm.taobao.org/lodash.isequal/download/lodash.isequal-4.5.0.tgz",
      "integrity": "sha1-QVxEePK8wwEgwizhDtMib30+GOA="
    },
    "lodash.keys": {
      "version": "3.1.2",
      "resolved": "http://registry.npm.taobao.org/lodash.keys/download/lodash.keys-3.1.2.tgz",
      "integrity": "sha1-TbwEcrFWvlCgsoaFXRvQsMZWCYo=",
      "requires": {
        "lodash._getnative": "3.9.1",
        "lodash.isarguments": "3.1.0",
        "lodash.isarray": "3.0.4"
      }
    },
    "loose-envify": {
      "version": "1.3.1",
      "resolved": "http://registry.npm.taobao.org/loose-envify/download/loose-envify-1.3.1.tgz",
      "integrity": "sha1-0aitM/qc4OcT1l/dCsi3SNR4yEg=",
      "requires": {
        "js-tokens": "3.0.2"
      }
    },
    "natty-fetch": {
      "version": "2.4.5",
      "resolved": "http://registry.npm.taobao.org/natty-fetch/download/natty-fetch-2.4.5.tgz",
      "integrity": "sha1-SpL9qwk3w29Pj0gQp9tuJxJ1/YQ=",
      "requires": {
        "natty-storage": "2.0.2"
      }
    },
    "natty-storage": {
      "version": "2.0.2",
      "resolved": "http://registry.npm.taobao.org/natty-storage/download/natty-storage-2.0.2.tgz",
      "integrity": "sha1-TBcBP2yklzRyr1M+Wp/R+Psu7Uw="
    },
    "node-fetch": {
      "version": "1.7.3",
      "resolved": "http://registry.npm.taobao.org/node-fetch/download/node-fetch-1.7.3.tgz",
      "integrity": "sha1-mA9vcthSEaU0fGsrwYxbhMPrR+8=",
      "requires": {
        "encoding": "0.1.12",
        "is-stream": "1.1.0"
      }
    },
    "object-assign": {
      "version": "4.1.1",
      "resolved": "http://registry.npm.taobao.org/object-assign/download/object-assign-4.1.1.tgz",
      "integrity": "sha1-IQmtx5ZYh8/AXLvUQsrIv7s2CGM="
    },
    "promise": {
      "version": "7.3.1",
      "resolved": "http://registry.npm.taobao.org/promise/download/promise-7.3.1.tgz",
      "integrity": "sha1-BktyYCsY+Q8pGSuLG8QY/9Hr078=",
      "requires": {
        "asap": "2.0.6"
      }
    },
    "prop-types": {
      "version": "15.6.0",
      "resolved": "http://registry.npm.taobao.org/prop-types/download/prop-types-15.6.0.tgz",
      "integrity": "sha1-zq8IMCL8RrSjX2nhPvda7Q1jmFY=",
      "requires": {
        "fbjs": "0.8.16",
        "loose-envify": "1.3.1",
        "object-assign": "4.1.1"
      }
    },
    "rc-align": {
      "version": "2.3.5",
      "resolved": "http://registry.npm.taobao.org/rc-align/download/rc-align-2.3.5.tgz",
      "integrity": "sha1-UIXPpNaF7p0DC5r9KXHrNwxegKE=",
      "requires": {
        "babel-runtime": "6.26.0",
        "dom-align": "1.6.6",
        "prop-types": "15.6.0",
        "rc-util": "4.3.1"
      }
    },
    "rc-animate": {
      "version": "2.4.3",
      "resolved": "http://registry.npm.taobao.org/rc-animate/download/rc-animate-2.4.3.tgz",
      "integrity": "sha1-JEABHW/K7tsO4tsGjCxWdqoHZVk=",
      "requires": {
        "babel-runtime": "6.26.0",
        "css-animation": "1.4.1",
        "prop-types": "15.6.0"
      }
    },
    "rc-collapse": {
      "version": "1.7.7",
      "resolved": "http://registry.npm.taobao.org/rc-collapse/download/rc-collapse-1.7.7.tgz",
      "integrity": "sha1-Fsn+aR8BkfFsnC7aOZib/BoZ+is=",
      "requires": {
        "classnames": "2.1.5",
        "css-animation": "1.4.1",
        "prop-types": "15.6.0",
        "rc-animate": "2.4.3"
      }
    },
    "rc-dialog": {
      "version": "6.5.11",
      "resolved": "http://registry.npm.taobao.org/rc-dialog/download/rc-dialog-6.5.11.tgz",
      "integrity": "sha1-pu9NgaeAGlTpkjJzxgXdUh1/sUI=",
      "requires": {
        "babel-runtime": "6.26.0",
        "create-react-class": "15.6.2",
        "object-assign": "4.1.1",
        "rc-animate": "2.4.3",
        "rc-util": "4.3.1"
      }
    },
    "rc-hammerjs": {
      "version": "0.6.9",
      "resolved": "http://registry.npm.taobao.org/rc-hammerjs/download/rc-hammerjs-0.6.9.tgz",
      "integrity": "sha1-mk3b2hsuyPm5WWCRpqmJhCokOQc=",
      "requires": {
        "babel-runtime": "6.26.0",
        "hammerjs": "2.0.8",
        "prop-types": "15.6.0"
      }
    },
    "rc-input-number": {
      "version": "3.7.0",
      "resolved": "http://registry.npm.taobao.org/rc-input-number/download/rc-input-number-3.7.0.tgz",
      "integrity": "sha1-J2fjrutscgz36rFD1iNpov81cI0=",
      "requires": {
        "babel-runtime": "6.26.0",
        "classnames": "2.2.5",
        "create-react-class": "15.6.2",
        "prop-types": "15.6.0",
        "rc-touchable": "1.2.3"
      },
      "dependencies": {
        "classnames": {
          "version": "2.2.5",
          "resolved": "http://registry.npm.taobao.org/classnames/download/classnames-2.2.5.tgz",
          "integrity": "sha1-+zgB1FNGdknvNgPH1hoCvRKb3m0="
        }
      }
    },
    "rc-tabs": {
      "version": "8.1.1",
      "resolved": "http://registry.npm.taobao.org/rc-tabs/download/rc-tabs-8.1.1.tgz",
      "integrity": "sha1-WCN6yoJCfLt7/fMgfptFi9b4pcE=",
      "requires": {
        "babel-runtime": "6.26.0",
        "classnames": "2.1.5",
        "create-react-class": "15.6.2",
        "prop-types": "15.6.0",
        "rc-hammerjs": "0.6.9",
        "warning": "3.0.0"
      }
    },
    "rc-tooltip": {
      "version": "3.7.0",
      "resolved": "http://registry.npm.taobao.org/rc-tooltip/download/rc-tooltip-3.7.0.tgz",
      "integrity": "sha1-OvvxCYZffNz+Q3UvPz9QH3vjeqo=",
      "requires": {
        "babel-runtime": "6.26.0",
        "prop-types": "15.6.0",
        "rc-trigger": "2.3.3"
      }
    },
    "rc-touchable": {
      "version": "1.2.3",
      "resolved": "http://registry.npm.taobao.org/rc-touchable/download/rc-touchable-1.2.3.tgz",
      "integrity": "sha1-X0mDJOPQubpgGpxINJWOqixxNhg=",
      "requires": {
        "babel-runtime": "6.26.0"
      }
    },
    "rc-trigger": {
      "version": "2.3.3",
      "resolved": "http://registry.npm.taobao.org/rc-trigger/download/rc-trigger-2.3.3.tgz",
      "integrity": "sha1-QGxd3qWUrKcdBnhS8n2RpfOmU7g=",
      "requires": {
        "babel-runtime": "6.26.0",
        "create-react-class": "15.6.2",
        "prop-types": "15.6.0",
        "rc-align": "2.3.5",
        "rc-animate": "2.4.3",
        "rc-util": "4.3.1"
      }
    },
    "rc-util": {
      "version": "4.3.1",
      "resolved": "http://registry.npm.taobao.org/rc-util/download/rc-util-4.3.1.tgz",
      "integrity": "sha1-efCtsw9EnBsp18XNstgsGTkgw2I=",
      "requires": {
        "add-dom-event-listener": "1.0.2",
        "babel-runtime": "6.26.0",
        "prop-types": "15.6.0",
        "shallowequal": "0.2.2"
      }
    },
    "refast": {
      "version": "1.2.3",
      "resolved": "http://registry.npm.taobao.org/refast/download/refast-1.2.3.tgz",
      "integrity": "sha1-U+i7gHc0hyIFNDGJjr4N0AtGdrQ=",
      "requires": {
        "lodash.clonedeep": "4.5.0",
        "lodash.isequal": "4.5.0"
      }
    },
    "regenerator-runtime": {
      "version": "0.11.1",
      "resolved": "http://registry.npm.taobao.org/regenerator-runtime/download/regenerator-runtime-0.11.1.tgz",
      "integrity": "sha1-vgWtf5v30i4Fb5cmzuUBf78Z4uk="
    },
    "salt-icon": {
      "version": "3.4.0",
      "resolved": "http://registry.npm.taobao.org/salt-icon/download/salt-icon-3.4.0.tgz",
      "integrity": "sha1-N6DwgY0kO2RPIlSlMTor/rSIUJc=",
      "requires": {
        "classnames": "2.2.5",
        "svg4everybody": "2.1.9"
      },
      "dependencies": {
        "classnames": {
          "version": "2.2.5",
          "resolved": "http://registry.npm.taobao.org/classnames/download/classnames-2.2.5.tgz",
          "integrity": "sha1-+zgB1FNGdknvNgPH1hoCvRKb3m0="
        }
      }
    },
    "saltui": {
      "version": "3.3.2",
      "resolved": "http://registry.npm.taobao.org/saltui/download/saltui-3.3.2.tgz",
      "integrity": "sha1-MrlW8CcwqFxKv5ag8bUI2jtRzOs=",
      "requires": {
        "hammerjs": "2.0.8",
        "lie": "3.1.1",
        "lodash": "4.17.4",
        "natty-fetch": "2.5.3",
        "rc-collapse": "1.7.7",
        "rc-dialog": "6.5.11",
        "rc-input-number": "3.7.0",
        "rc-tabs": "8.1.1",
        "rc-tooltip": "3.7.0",
        "salt-icon": "3.4.0",
        "uploadcore": "2.3.1",
        "uxcore-formatter": "0.1.7"
      },
      "dependencies": {
        "natty-fetch": {
          "version": "2.5.3",
          "resolved": "http://registry.npm.taobao.org/natty-fetch/download/natty-fetch-2.5.3.tgz",
          "integrity": "sha1-nqXGGnjeSsoUejH+HuzVV/azCww=",
          "requires": {
            "natty-storage": "2.0.2"
          }
        }
      }
    },
    "setimmediate": {
      "version": "1.0.5",
      "resolved": "http://registry.npm.taobao.org/setimmediate/download/setimmediate-1.0.5.tgz",
      "integrity": "sha1-KQy7Iy4waULX1+qbg3Mqt4VvgoU="
    },
    "shallowequal": {
      "version": "0.2.2",
      "resolved": "http://registry.npm.taobao.org/shallowequal/download/shallowequal-0.2.2.tgz",
      "integrity": "sha1-HjL9W8q2rWiKSBLLDMBO/HXHAU4=",
      "requires": {
        "lodash.keys": "3.1.2"
      }
    },
    "svg4everybody": {
      "version": "2.1.9",
      "resolved": "http://registry.npm.taobao.org/svg4everybody/download/svg4everybody-2.1.9.tgz",
      "integrity": "sha1-W9n23vwTOFmgRGRtR0P6vCjbfi0="
    },
    "to-fast-properties": {
      "version": "2.0.0",
      "resolved": "http://registry.npm.taobao.org/to-fast-properties/download/to-fast-properties-2.0.0.tgz",
      "integrity": "sha1-3F5pjL0HkmW8c+A3doGk5Og/YW4=",
      "dev": true
    },
    "ua-parser-js": {
      "version": "0.7.17",
      "resolved": "http://registry.npm.taobao.org/ua-parser-js/download/ua-parser-js-0.7.17.tgz",
      "integrity": "sha1-6exflJi57JEOeuOsYmqAXE0J7Kw="
    },
    "uploadcore": {
      "version": "2.3.1",
      "resolved": "http://registry.npm.taobao.org/uploadcore/download/uploadcore-2.3.1.tgz",
      "integrity": "sha1-pkILrUqYeL7NLjcazrRpFBd19OU="
    },
    "uxcore-formatter": {
      "version": "0.1.7",
      "resolved": "http://registry.npm.taobao.org/uxcore-formatter/download/uxcore-formatter-0.1.7.tgz",
      "integrity": "sha1-HgfkvekPvKVnX0fxVgvI7U8yFo0=",
      "requires": {
        "object-assign": "2.1.1",
        "prop-types": "15.6.0"
      },
      "dependencies": {
        "object-assign": {
          "version": "2.1.1",
          "resolved": "http://registry.npm.taobao.org/object-assign/download/object-assign-2.1.1.tgz",
          "integrity": "sha1-Q8NuXVaf+OSBbE76i+AtJpZ8GKo="
        }
      }
    },
    "warning": {
      "version": "3.0.0",
      "resolved": "http://registry.npm.taobao.org/warning/download/warning-3.0.0.tgz",
      "integrity": "sha1-MuU3fLVy3kqwR1O9+IIcAe1gW3w=",
      "requires": {
        "loose-envify": "1.3.1"
      }
    },
    "whatwg-fetch": {
      "version": "2.0.3",
      "resolved": "http://registry.npm.taobao.org/whatwg-fetch/download/whatwg-fetch-2.0.3.tgz",
      "integrity": "sha1-nITsLc9oGH/wC8ZOEnS0QhduHIQ="
    }
  }
}
